
Microsoft Visual Studio Solution File, Format Version 12.00
# Visual Studio 15
VisualStudioVersion = 15.0.28307.1169
MinimumVisualStudioVersion = 10.0.40219.1
Project("{FAE04EC0-301F-11D3-BF4B-00C04F79EFBC}") = "LearningUsing", "LearningUsing\LearningUsing.csproj", "{7F964DC3-30B9-48DE-98C4-79790B6AA046}"
EndProject
Global
	GlobalSection(SolutionConfigurationPlatforms) = preSolution
		Debug|Any CPU = Debug|Any CPU
		Release|Any CPU = Release|Any CPU
	EndGlobalSection
	GlobalSection(ProjectConfigurationPlatforms) = postSolution
		{7F964DC3-30B9-48DE-98C4-79790B6AA046}.Debug|Any CPU.ActiveCfg = Debug|Any CPU
		{7F964DC3-30B9-48DE-98C4-79790B6AA046}.Debug|Any CPU.Build.0 = Debug|Any CPU
		{7F964DC3-30B9-48DE-98C4-79790B6AA046}.Release|Any CPU.ActiveCfg = Release|Any CPU
		{7F964DC3-30B9-48DE-98C4-79790B6AA046}.Release|Any CPU.Build.0 = Release|Any CPU
	EndGlobalSection
	GlobalSection(SolutionProperties) = preSolution
		HideSolutionNode = FALSE
	EndGlobalSection
	GlobalSection(ExtensibilityGlobals) = postSolution
		SolutionGuid = {217B07E8-ABE0-4BBC-8F54-B0CA8FA209A2}
	EndGlobalSection
EndGlobal
